
Microsoft Visual Studio Solution File, Format Version 12.00
# Visual Studio Version 17
VisualStudioVersion = 17.7.34221.43
MinimumVisualStudioVersion = 10.0.40219.1
Project("{9A19103F-16F7-4668-BE54-9A1E7A4F7556}") = "ExpeditionRegionSupport", "ExpeditionRegionSupport\ExpeditionRegionSupport.csproj", "{C4011F7B-5F56-42DE-B134-C2BA846BB2BB}"
EndProject
Project("{FAE04EC0-301F-11D3-BF4B-00C04F79EFBC}") = "LogUtils", "LogUtils\LogUtils.csproj", "{DCCF69C7-9139-4A9B-9F14-C137451B38F4}"
EndProject
Project("{FAE04EC0-301F-11D3-BF4B-00C04F79EFBC}") = "LogUtils.Patcher", "LogUtils.Patcher\LogUtils.Patcher.csproj", "{387A9B7D-8C8D-49FE-98B9-AB4110787042}"
EndProject
Global
	GlobalSection(SolutionConfigurationPlatforms) = preSolution
		Debug|Any CPU = Debug|Any CPU
		Release|Any CPU = Release|Any CPU
	EndGlobalSection
	GlobalSection(ProjectConfigurationPlatforms) = postSolution
		{C4011F7B-5F56-42DE-B134-C2BA846BB2BB}.Debug|Any CPU.ActiveCfg = Debug|Any CPU
		{C4011F7B-5F56-42DE-B134-C2BA846BB2BB}.Debug|Any CPU.Build.0 = Debug|Any CPU
		{C4011F7B-5F56-42DE-B134-C2BA846BB2BB}.Release|Any CPU.ActiveCfg = Release|Any CPU
		{C4011F7B-5F56-42DE-B134-C2BA846BB2BB}.Release|Any CPU.Build.0 = Release|Any CPU
		{DCCF69C7-9139-4A9B-9F14-C137451B38F4}.Debug|Any CPU.ActiveCfg = Debug|Any CPU
		{DCCF69C7-9139-4A9B-9F14-C137451B38F4}.Debug|Any CPU.Build.0 = Debug|Any CPU
		{DCCF69C7-9139-4A9B-9F14-C137451B38F4}.Release|Any CPU.ActiveCfg = Release|Any CPU
		{DCCF69C7-9139-4A9B-9F14-C137451B38F4}.Release|Any CPU.Build.0 = Release|Any CPU
		{387A9B7D-8C8D-49FE-98B9-AB4110787042}.Debug|Any CPU.ActiveCfg = Debug|Any CPU
		{387A9B7D-8C8D-49FE-98B9-AB4110787042}.Debug|Any CPU.Build.0 = Debug|Any CPU
		{387A9B7D-8C8D-49FE-98B9-AB4110787042}.Release|Any CPU.ActiveCfg = Release|Any CPU
		{387A9B7D-8C8D-49FE-98B9-AB4110787042}.Release|Any CPU.Build.0 = Release|Any CPU
	EndGlobalSection
	GlobalSection(SolutionProperties) = preSolution
		HideSolutionNode = FALSE
	EndGlobalSection
	GlobalSection(ExtensibilityGlobals) = postSolution
		SolutionGuid = {2D73C2B5-D02E-49D4-BDF5-949802137318}
	EndGlobalSection
EndGlobal
